
Microsoft Visual Studio Solution File, Format Version 12.00
# Visual Studio Version 16
VisualStudioVersion = 16.0.30523.141
MinimumVisualStudioVersion = 10.0.40219.1
Project("{FAE04EC0-301F-11D3-BF4B-00C04F79EFBC}") = "final_mayuri_vaidya", "final_mayuri_vaidya\final_mayuri_vaidya.csproj", "{A2026579-D770-464C-B21B-7C533D8690E2}"
EndProject
Project("{FAE04EC0-301F-11D3-BF4B-00C04F79EFBC}") = "Final_example_2", "Final_example_2\Final_example_2.csproj", "{8F817C76-66C7-4A0B-AC09-A6006FD9974E}"
EndProject
Global
	GlobalSection(SolutionConfigurationPlatforms) = preSolution
		Debug|Any CPU = Debug|Any CPU
		Release|Any CPU = Release|Any CPU
	EndGlobalSection
	GlobalSection(ProjectConfigurationPlatforms) = postSolution
		{A2026579-D770-464C-B21B-7C533D8690E2}.Debug|Any CPU.ActiveCfg = Debug|Any CPU
		{A2026579-D770-464C-B21B-7C533D8690E2}.Debug|Any CPU.Build.0 = Debug|Any CPU
		{A2026579-D770-464C-B21B-7C533D8690E2}.Release|Any CPU.ActiveCfg = Release|Any CPU
		{A2026579-D770-464C-B21B-7C533D8690E2}.Release|Any CPU.Build.0 = Release|Any CPU
		{8F817C76-66C7-4A0B-AC09-A6006FD9974E}.Debug|Any CPU.ActiveCfg = Debug|Any CPU
		{8F817C76-66C7-4A0B-AC09-A6006FD9974E}.Debug|Any CPU.Build.0 = Debug|Any CPU
		{8F817C76-66C7-4A0B-AC09-A6006FD9974E}.Release|Any CPU.ActiveCfg = Release|Any CPU
		{8F817C76-66C7-4A0B-AC09-A6006FD9974E}.Release|Any CPU.Build.0 = Release|Any CPU
	EndGlobalSection
	GlobalSection(SolutionProperties) = preSolution
		HideSolutionNode = FALSE
	EndGlobalSection
	GlobalSection(ExtensibilityGlobals) = postSolution
		SolutionGuid = {4EB3F870-1F01-437D-B7E6-51BD55040098}
	EndGlobalSection
EndGlobal
